<Solution>
  <Folder Name="/Elementos de la solución/">
    <File Path="Hoja de ruta.md" />
    <File Path="LICENSE.txt" />
    <File Path="README.md" />
  </Folder>
  <Project Path="CrearShortDesdeVideo/CrearShortDesdeVideo.vbproj" />
  <Project Path="CrkwActualizador/CrkwActualizador.vbproj" Id="e525eec3-735c-4207-9fc6-006de3036152" />
</Solution>
